
Microsoft Visual Studio Solution File, Format Version 12.00
# Visual Studio Version 16
VisualStudioVersion = 16.0.29424.173
MinimumVisualStudioVersion = 10.0.40219.1
Project("{FAE04EC0-301F-11D3-BF4B-00C04F79EFBC}") = "Snoopy.Common", "Snoopy.Common\Snoopy.Common.csproj", "{6ADFDFC3-C4D3-48B2-83F0-50E17437C03B}"
EndProject
Project("{FAE04EC0-301F-11D3-BF4B-00C04F79EFBC}") = "Snoopy.WebForm", "Snoopy.WebForm\Snoopy.WebForm.csproj", "{4035DCE1-9FF8-4D6F-B2D8-869A4CBC8AF4}"
EndProject
Project("{FAE04EC0-301F-11D3-BF4B-00C04F79EFBC}") = "Snoopy.Login", "Snoopy.Login\Snoopy.Login.csproj", "{A884C8ED-3BA9-4118-AA46-E03BC66F5B87}"
EndProject
Global
	GlobalSection(SolutionConfigurationPlatforms) = preSolution
		Debug|Any CPU = Debug|Any CPU
		Release|Any CPU = Release|Any CPU
	EndGlobalSection
	GlobalSection(ProjectConfigurationPlatforms) = postSolution
		{6ADFDFC3-C4D3-48B2-83F0-50E17437C03B}.Debug|Any CPU.ActiveCfg = Debug|Any CPU
		{6ADFDFC3-C4D3-48B2-83F0-50E17437C03B}.Debug|Any CPU.Build.0 = Debug|Any CPU
		{6ADFDFC3-C4D3-48B2-83F0-50E17437C03B}.Release|Any CPU.ActiveCfg = Release|Any CPU
		{6ADFDFC3-C4D3-48B2-83F0-50E17437C03B}.Release|Any CPU.Build.0 = Release|Any CPU
		{4035DCE1-9FF8-4D6F-B2D8-869A4CBC8AF4}.Debug|Any CPU.ActiveCfg = Debug|Any CPU
		{4035DCE1-9FF8-4D6F-B2D8-869A4CBC8AF4}.Debug|Any CPU.Build.0 = Debug|Any CPU
		{4035DCE1-9FF8-4D6F-B2D8-869A4CBC8AF4}.Release|Any CPU.ActiveCfg = Release|Any CPU
		{4035DCE1-9FF8-4D6F-B2D8-869A4CBC8AF4}.Release|Any CPU.Build.0 = Release|Any CPU
		{A884C8ED-3BA9-4118-AA46-E03BC66F5B87}.Debug|Any CPU.ActiveCfg = Debug|Any CPU
		{A884C8ED-3BA9-4118-AA46-E03BC66F5B87}.Debug|Any CPU.Build.0 = Debug|Any CPU
		{A884C8ED-3BA9-4118-AA46-E03BC66F5B87}.Release|Any CPU.ActiveCfg = Release|Any CPU
		{A884C8ED-3BA9-4118-AA46-E03BC66F5B87}.Release|Any CPU.Build.0 = Release|Any CPU
	EndGlobalSection
	GlobalSection(SolutionProperties) = preSolution
		HideSolutionNode = FALSE
	EndGlobalSection
	GlobalSection(ExtensibilityGlobals) = postSolution
		SolutionGuid = {A5AB1F49-664B-4A54-8D6E-63510EEC9697}
	EndGlobalSection
EndGlobal
